# Code generated by scarb DO NOT EDIT.
version = 1

[[package]]
name = "dojo"
version = "0.3.0"
source = "git+https://github.com/dojoengine/dojo?tag=v0.3.0#3101ce88c8f6fb3e304aec7fe7db0bbf5c1434c5"
dependencies = [
 "dojo_plugin",
]

[[package]]
name = "dojo_erc"
version = "0.1.1"
dependencies = [
 "dojo",
]

[[package]]
name = "dojo_plugin"
version = "0.3.0"
source = "git+https://github.com/dojoengine/dojo?tag=v0.3.0#3101ce88c8f6fb3e304aec7fe7db0bbf5c1434c5"
