# Code generated by scarb DO NOT EDIT.
version = 1

[[package]]
name = "dojo"
version = "0.3.7"
source = "git+https://github.com/dojoengine/dojo#87b46abd194a36a0a1d1098d6fa5058a06f562cd"
dependencies = [
 "dojo_plugin",
]

[[package]]
name = "dojo_plugin"
version = "0.3.7"

[[package]]
name = "l2"
version = "0.3.7"
dependencies = [
 "dojo",
]
