# THIS IS AN AUTOGENERATED FILE. DO NOT EDIT THIS FILE DIRECTLY.
# yarn lockfile v1


"@dojoengine/create-burner@^0.1.36":
  version "0.1.60"
  resolved "https://registry.yarnpkg.com/@dojoengine/create-burner/-/create-burner-0.1.60.tgz#97e7530cdd35a6cfeb0b30ed72c1308b96f5effa"
  integrity sha512-TIQfK/KWVYkiwac0ayIF/7vDcbJVfB464llUPf5MZyksKU0Or2Mtdn2r1SaqGwqNwCs5sDR5z+qSBSFGs79M+g==
  dependencies:
    "@starknet-react/core" "^1.0.3"
    encoding "^0.1.13"
    get-starknet-core "^3.2.0"
    js-cookie "^3.0.5"

"@noble/curves@~1.2.0":
  version "1.2.0"
  resolved "https://registry.yarnpkg.com/@noble/curves/-/curves-1.2.0.tgz#92d7e12e4e49b23105a2555c6984d41733d65c35"
  integrity sha512-oYclrNgRaM9SsBUBVbb8M6DTV7ZHRTKugureoYEncY5c65HOmRzvSiTE3y5CYaPYJA/GVkrhXEoF0M3Ya9PMnw==
  dependencies:
    "@noble/hashes" "1.3.2"

"@noble/hashes@1.3.2":
  version "1.3.2"
  resolved "https://registry.yarnpkg.com/@noble/hashes/-/hashes-1.3.2.tgz#6f26dbc8fbc7205873ce3cee2f690eba0d421b39"
  integrity sha512-MVC8EAQp7MvEcm30KWENFjgR+Mkmf+D189XJTkFIlwohU5hcBbn1ZkKq7KVTi2Hme3PMGF390DaL52beVrIihQ==

"@noble/hashes@~1.3.2":
  version "1.3.3"
  resolved "https://registry.yarnpkg.com/@noble/hashes/-/hashes-1.3.3.tgz#39908da56a4adc270147bb07968bf3b16cfe1699"
  integrity sha512-V7/fPHgl+jsVPXqqeOzT8egNj2iBIVt+ECeMMG8TdcnTikP3oaBtUVqpT/gYCR68aEBJSF+XbYUxStjbFMqIIA==

"@scure/base@^1.1.3":
  version "1.1.5"
  resolved "https://registry.yarnpkg.com/@scure/base/-/base-1.1.5.tgz#1d85d17269fe97694b9c592552dd9e5e33552157"
  integrity sha512-Brj9FiG2W1MRQSTB212YVPRrcbjkv48FoZi/u4l/zds/ieRrqsh7aUf6CLwkAq61oKXr/ZlTzlY66gLIj3TFTQ==

"@scure/starknet@~0.3.0":
  version "0.3.0"
  resolved "https://registry.yarnpkg.com/@scure/starknet/-/starknet-0.3.0.tgz#b8273a42fc721025f8098b1f1d96368a7067e1c4"
  integrity sha512-Ma66yZlwa5z00qI5alSxdWtIpky5LBhy22acVFdoC5kwwbd9uDyMWEYzWHdNyKmQg9t5Y2UOXzINMeb3yez+Gw==
  dependencies:
    "@noble/curves" "~1.2.0"
    "@noble/hashes" "~1.3.2"

"@starknet-react/core@^1.0.3":
  version "1.0.4"
  resolved "https://registry.yarnpkg.com/@starknet-react/core/-/core-1.0.4.tgz#08ed280382621cc78d031095a4293f043dbadc98"
  integrity sha512-TQiRnb0moqim6+HqioGGzd3FgjPVJFMdMH8Q5AQlJ7oEUNprKkFyHlVGJJlcwvdRaCPD5BQuD2WUL2rQfgMRuw==
  dependencies:
    "@tanstack/react-query" "^4.29.12"
    immutable "^4.3.0"
    zod "^3.21.4"

"@tanstack/query-core@4.36.1":
  version "4.36.1"
  resolved "https://registry.yarnpkg.com/@tanstack/query-core/-/query-core-4.36.1.tgz#79f8c1a539d47c83104210be2388813a7af2e524"
  integrity sha512-DJSilV5+ytBP1FbFcEJovv4rnnm/CokuVvrBEtW/Va9DvuJ3HksbXUJEpI0aV1KtuL4ZoO9AVE6PyNLzF7tLeA==

"@tanstack/react-query@^4.29.12":
  version "4.36.1"
  resolved "https://registry.yarnpkg.com/@tanstack/react-query/-/react-query-4.36.1.tgz#acb589fab4085060e2e78013164868c9c785e5d2"
  integrity sha512-y7ySVHFyyQblPl3J3eQBWpXZkliroki3ARnBKsdJchlgt7yJLRDUcf4B8soufgiYt3pEQIkBWBx1N9/ZPIeUWw==
  dependencies:
    "@tanstack/query-core" "4.36.1"
    use-sync-external-store "^1.2.0"

dotenv@^16.3.1:
  version "16.4.1"
  resolved "https://registry.yarnpkg.com/dotenv/-/dotenv-16.4.1.tgz#1d9931f1d3e5d2959350d1250efab299561f7f11"
  integrity sha512-CjA3y+Dr3FyFDOAMnxZEGtnW9KBR2M0JvvUtXNW+dYJL5ROWxP9DUHCwgFqpMk0OXCc0ljhaNTr2w/kutYIcHQ==

encoding@^0.1.13:
  version "0.1.13"
  resolved "https://registry.yarnpkg.com/encoding/-/encoding-0.1.13.tgz#56574afdd791f54a8e9b2785c0582a2d26210fa9"
  integrity sha512-ETBauow1T35Y/WZMkio9jiM0Z5xjHHmJ4XmjZOq1l/dXz3lr2sRn87nJy20RupqSh1F2m3HHPSp8ShIPQJrJ3A==
  dependencies:
    iconv-lite "^0.6.2"

get-starknet-core@^3.2.0:
  version "3.2.0"
  resolved "https://registry.yarnpkg.com/get-starknet-core/-/get-starknet-core-3.2.0.tgz#44cabcbd573262340d575cb6b9a38e469a8029ed"
  integrity sha512-SZhxtLlKoPKLZ2H3l9WIU7CiNmkL3qLWGksALmvZdAXa/9PykYfLtvIB5B8A2UZMpf2ojTZlWLfuo1KhgmVobA==

iconv-lite@^0.6.2:
  version "0.6.3"
  resolved "https://registry.yarnpkg.com/iconv-lite/-/iconv-lite-0.6.3.tgz#a52f80bf38da1952eb5c681790719871a1a72501"
  integrity sha512-4fCk79wshMdzMp2rH06qWrJE4iolqLhCUH+OiuIgU++RB0+94NlDL81atO7GX55uUKueo0txHNtvEyI6D7WdMw==
  dependencies:
    safer-buffer ">= 2.1.2 < 3.0.0"

immutable@^4.3.0:
  version "4.3.5"
  resolved "https://registry.yarnpkg.com/immutable/-/immutable-4.3.5.tgz#f8b436e66d59f99760dc577f5c99a4fd2a5cc5a0"
  integrity sha512-8eabxkth9gZatlwl5TBuJnCsoTADlL6ftEr7A4qgdaTsPyreilDSnUk57SO+jfKcNtxPa22U5KK6DSeAYhpBJw==

isomorphic-fetch@^3.0.0:
  version "3.0.0"
  resolved "https://registry.yarnpkg.com/isomorphic-fetch/-/isomorphic-fetch-3.0.0.tgz#0267b005049046d2421207215d45d6a262b8b8b4"
  integrity sha512-qvUtwJ3j6qwsF3jLxkZ72qCgjMysPzDfeV240JHiGZsANBYd+EEuu35v7dfrJ9Up0Ak07D7GGSkGhCHTqg/5wA==
  dependencies:
    node-fetch "^2.6.1"
    whatwg-fetch "^3.4.1"

js-cookie@^3.0.5:
  version "3.0.5"
  resolved "https://registry.yarnpkg.com/js-cookie/-/js-cookie-3.0.5.tgz#0b7e2fd0c01552c58ba86e0841f94dc2557dcdbc"
  integrity sha512-cEiJEAEoIbWfCZYKWhVwFuvPX1gETRYPw6LlaTKoxD3s2AkXzkCjnp6h0V77ozyqj0jakteJ4YqDJT830+lVGw==

lossless-json@^2.0.8:
  version "2.0.11"
  resolved "https://registry.yarnpkg.com/lossless-json/-/lossless-json-2.0.11.tgz#3137684c93fd99481c6f99c985efc9c9c5cc76a5"
  integrity sha512-BP0vn+NGYvzDielvBZaFain/wgeJ1hTvURCqtKvhr1SCPePdaaTanmmcplrHfEJSJOUql7hk4FHwToNJjWRY3g==

node-cron@^3.0.2:
  version "3.0.3"
  resolved "https://registry.yarnpkg.com/node-cron/-/node-cron-3.0.3.tgz#c4bc7173dd96d96c50bdb51122c64415458caff2"
  integrity sha512-dOal67//nohNgYWb+nWmg5dkFdIwDm8EpeGYMekPMrngV3637lqnX0lbUcCtgibHTz6SEz7DAIjKvKDFYCnO1A==
  dependencies:
    uuid "8.3.2"

node-fetch@^2.6.1:
  version "2.7.0"
  resolved "https://registry.yarnpkg.com/node-fetch/-/node-fetch-2.7.0.tgz#d0f0fa6e3e2dc1d27efcd8ad99d550bda94d187d"
  integrity sha512-c4FRfUm/dbcWZ7U+1Wq0AwCyFL+3nt2bEw05wfxSz+DWpWsitgmSgYmy2dQdWyKC1694ELPqMs/YzUSNozLt8A==
  dependencies:
    whatwg-url "^5.0.0"

pako@^2.0.4:
  version "2.1.0"
  resolved "https://registry.yarnpkg.com/pako/-/pako-2.1.0.tgz#266cc37f98c7d883545d11335c00fbd4062c9a86"
  integrity sha512-w+eufiZ1WuJYgPXbV/PO3NCMEc3xqylkKHzp8bxp1uW4qaSNQUkwmLLEc3kKsfz8lpV1F8Ht3U1Cm+9Srog2ug==

"safer-buffer@>= 2.1.2 < 3.0.0":
  version "2.1.2"
  resolved "https://registry.yarnpkg.com/safer-buffer/-/safer-buffer-2.1.2.tgz#44fa161b0187b9549dd84bb91802f9bd8385cd6a"
  integrity sha512-YZo3K82SD7Riyi0E1EQPojLz7kpepnSQI9IyPbHHg1XXXevb5dJI7tpyN2ADxGcQbHG7vcyRHk0cbwqcQriUtg==

starknet@^5.14.1:
  version "5.24.3"
  resolved "https://registry.yarnpkg.com/starknet/-/starknet-5.24.3.tgz#1d8a84047783ea122a6cf4f2dac59bfa6d628154"
  integrity sha512-v0TuaNc9iNtHdbIRzX372jfQH1vgx2rwBHQDMqK4DqjJbwFEE5dog8Go6rGiZVW750NqRSWrZ7ahqyRNc3bscg==
  dependencies:
    "@noble/curves" "~1.2.0"
    "@scure/base" "^1.1.3"
    "@scure/starknet" "~0.3.0"
    isomorphic-fetch "^3.0.0"
    lossless-json "^2.0.8"
    pako "^2.0.4"
    url-join "^4.0.1"

tr46@~0.0.3:
  version "0.0.3"
  resolved "https://registry.yarnpkg.com/tr46/-/tr46-0.0.3.tgz#8184fd347dac9cdc185992f3a6622e14b9d9ab6a"
  integrity sha512-N3WMsuqV66lT30CrXNbEjx4GEwlow3v6rr4mCcv6prnfwhS01rkgyFdjPNBYd9br7LpXV1+Emh01fHnq2Gdgrw==

url-join@^4.0.1:
  version "4.0.1"
  resolved "https://registry.yarnpkg.com/url-join/-/url-join-4.0.1.tgz#b642e21a2646808ffa178c4c5fda39844e12cde7"
  integrity sha512-jk1+QP6ZJqyOiuEI9AEWQfju/nB2Pw466kbA0LEZljHwKeMgd9WrAEgEGxjPDD2+TNbbb37rTyhEfrCXfuKXnA==

use-sync-external-store@^1.2.0:
  version "1.2.0"
  resolved "https://registry.yarnpkg.com/use-sync-external-store/-/use-sync-external-store-1.2.0.tgz#7dbefd6ef3fe4e767a0cf5d7287aacfb5846928a"
  integrity sha512-eEgnFxGQ1Ife9bzYs6VLi8/4X6CObHMw9Qr9tPY43iKwsPw8xE8+EFsf/2cFZ5S3esXgpWgtSCtLNS41F+sKPA==

uuid@8.3.2:
  version "8.3.2"
  resolved "https://registry.yarnpkg.com/uuid/-/uuid-8.3.2.tgz#80d5b5ced271bb9af6c445f21a1a04c606cefbe2"
  integrity sha512-+NYs2QeMWy+GWFOEm9xnn6HCDp0l7QBD7ml8zLUmJ+93Q5NF0NocErnwkTkXVFNiX3/fpC6afS8Dhb/gz7R7eg==

webidl-conversions@^3.0.0:
  version "3.0.1"
  resolved "https://registry.yarnpkg.com/webidl-conversions/-/webidl-conversions-3.0.1.tgz#24534275e2a7bc6be7bc86611cc16ae0a5654871"
  integrity sha512-2JAn3z8AR6rjK8Sm8orRC0h/bcl/DqL7tRPdGZ4I1CjdF+EaMLmYxBHyXuKL849eucPFhvBoxMsflfOb8kxaeQ==

whatwg-fetch@^3.4.1:
  version "3.6.20"
  resolved "https://registry.yarnpkg.com/whatwg-fetch/-/whatwg-fetch-3.6.20.tgz#580ce6d791facec91d37c72890995a0b48d31c70"
  integrity sha512-EqhiFU6daOA8kpjOWTL0olhVOF3i7OrFzSYiGsEMB8GcXS+RrzauAERX65xMeNWVqxA6HXH2m69Z9LaKKdisfg==

whatwg-url@^5.0.0:
  version "5.0.0"
  resolved "https://registry.yarnpkg.com/whatwg-url/-/whatwg-url-5.0.0.tgz#966454e8765462e37644d3626f6742ce8b70965d"
  integrity sha512-saE57nupxk6v3HY35+jzBwYa0rKSy0XR8JSxZPwgLr7ys0IBzhGviA1/TUGJLmSVqs8pb9AnvICXEuOHLprYTw==
  dependencies:
    tr46 "~0.0.3"
    webidl-conversions "^3.0.0"

zod@^3.21.4:
  version "3.22.4"
  resolved "https://registry.yarnpkg.com/zod/-/zod-3.22.4.tgz#f31c3a9386f61b1f228af56faa9255e845cf3fff"
  integrity sha512-iC+8Io04lddc+mVqQ9AZ7OQ2MrUKGN+oIQyq1vemgt46jwCwLfhq7/pwnBnNXXXZb8VTVLKwp9EDkx+ryxIWmg==
